
Microsoft Visual Studio Solution File, Format Version 12.00
# Visual Studio 14
VisualStudioVersion = 14.0.25123.0
MinimumVisualStudioVersion = 10.0.40219.1
Project("{FAE04EC0-301F-11D3-BF4B-00C04F79EFBC}") = "CRM.Api", "CRM\CRM.Api.csproj", "{15A05924-3982-4B7A-8C9D-8CA3EC2CDB96}"
EndProject
Project("{2150E333-8FDC-42A3-9474-1A3956D46DE8}") = "Api", "Api", "{AF972992-07E5-432B-8B62-0187C043559D}"
EndProject
Project("{2150E333-8FDC-42A3-9474-1A3956D46DE8}") = "Business", "Business", "{CBD67AAF-9AB9-49F8-B019-B2396F80F7AA}"
EndProject
Project("{2150E333-8FDC-42A3-9474-1A3956D46DE8}") = "Security", "Security", "{5CAFC612-A4D4-4290-943A-895450818BDA}"
EndProject
Project("{2150E333-8FDC-42A3-9474-1A3956D46DE8}") = "Transversal", "Transversal", "{9C8E24FB-DD7F-4532-8FF0-4068F013B324}"
EndProject
Project("{FAE04EC0-301F-11D3-BF4B-00C04F79EFBC}") = "CDK", "CDK\CDK.csproj", "{6765A812-8AE2-4200-9BB0-C77B2FA4C9FB}"
EndProject
Project("{FAE04EC0-301F-11D3-BF4B-00C04F79EFBC}") = "CRM.Business.Data", "CRM.Business.Data\CRM.Business.Data.csproj", "{65C16573-233D-4A91-9224-610389F67D5C}"
EndProject
Project("{FAE04EC0-301F-11D3-BF4B-00C04F79EFBC}") = "CRM.Business.Entity", "CRM.Business.Entity\CRM.Business.Entity.csproj", "{A7D68C0B-7DC5-4C92-85D6-098A3B7EECDC}"
EndProject
Project("{FAE04EC0-301F-11D3-BF4B-00C04F79EFBC}") = "CRM.Security.Data", "CRM.Security.Data\CRM.Security.Data.csproj", "{E104FFC7-D4FC-4A21-8DA4-F5F7F446478D}"
EndProject
Project("{FAE04EC0-301F-11D3-BF4B-00C04F79EFBC}") = "CRM.Security.Entity", "CRM.Security.Entity\CRM.Security.Entity.csproj", "{CC47C08B-CFA7-4051-9FEE-613CF0064234}"
EndProject
Project("{FAE04EC0-301F-11D3-BF4B-00C04F79EFBC}") = "CRM.Business.Controller", "CRM.Business.Controller\CRM.Business.Controller.csproj", "{D02E283D-67CE-4102-8FFF-5F05C3A62731}"
EndProject
Project("{2150E333-8FDC-42A3-9474-1A3956D46DE8}") = "SQL", "SQL", "{7183321E-9B33-4045-8732-4D59569BEB51}"
	ProjectSection(SolutionItems) = preProject
		20171215_Scripts.sql = 20171215_Scripts.sql
		20180104_Empresas.sql = 20180104_Empresas.sql
		index.sql = index.sql
	EndProjectSection
EndProject
Project("{FAE04EC0-301F-11D3-BF4B-00C04F79EFBC}") = "CPEngine", "CPEngine\CPEngine.csproj", "{5CFC3BDA-B489-458B-8F25-33A2B8176BFA}"
EndProject
Global
	GlobalSection(SolutionConfigurationPlatforms) = preSolution
		Debug|Any CPU = Debug|Any CPU
		Release|Any CPU = Release|Any CPU
	EndGlobalSection
	GlobalSection(ProjectConfigurationPlatforms) = postSolution
		{15A05924-3982-4B7A-8C9D-8CA3EC2CDB96}.Debug|Any CPU.ActiveCfg = Debug|Any CPU
		{15A05924-3982-4B7A-8C9D-8CA3EC2CDB96}.Debug|Any CPU.Build.0 = Debug|Any CPU
		{15A05924-3982-4B7A-8C9D-8CA3EC2CDB96}.Release|Any CPU.ActiveCfg = Release|Any CPU
		{15A05924-3982-4B7A-8C9D-8CA3EC2CDB96}.Release|Any CPU.Build.0 = Release|Any CPU
		{6765A812-8AE2-4200-9BB0-C77B2FA4C9FB}.Debug|Any CPU.ActiveCfg = Debug|Any CPU
		{6765A812-8AE2-4200-9BB0-C77B2FA4C9FB}.Debug|Any CPU.Build.0 = Debug|Any CPU
		{6765A812-8AE2-4200-9BB0-C77B2FA4C9FB}.Release|Any CPU.ActiveCfg = Release|Any CPU
		{6765A812-8AE2-4200-9BB0-C77B2FA4C9FB}.Release|Any CPU.Build.0 = Release|Any CPU
		{65C16573-233D-4A91-9224-610389F67D5C}.Debug|Any CPU.ActiveCfg = Debug|Any CPU
		{65C16573-233D-4A91-9224-610389F67D5C}.Debug|Any CPU.Build.0 = Debug|Any CPU
		{65C16573-233D-4A91-9224-610389F67D5C}.Release|Any CPU.ActiveCfg = Release|Any CPU
		{65C16573-233D-4A91-9224-610389F67D5C}.Release|Any CPU.Build.0 = Release|Any CPU
		{A7D68C0B-7DC5-4C92-85D6-098A3B7EECDC}.Debug|Any CPU.ActiveCfg = Debug|Any CPU
		{A7D68C0B-7DC5-4C92-85D6-098A3B7EECDC}.Debug|Any CPU.Build.0 = Debug|Any CPU
		{A7D68C0B-7DC5-4C92-85D6-098A3B7EECDC}.Release|Any CPU.ActiveCfg = Release|Any CPU
		{A7D68C0B-7DC5-4C92-85D6-098A3B7EECDC}.Release|Any CPU.Build.0 = Release|Any CPU
		{E104FFC7-D4FC-4A21-8DA4-F5F7F446478D}.Debug|Any CPU.ActiveCfg = Debug|Any CPU
		{E104FFC7-D4FC-4A21-8DA4-F5F7F446478D}.Debug|Any CPU.Build.0 = Debug|Any CPU
		{E104FFC7-D4FC-4A21-8DA4-F5F7F446478D}.Release|Any CPU.ActiveCfg = Release|Any CPU
		{E104FFC7-D4FC-4A21-8DA4-F5F7F446478D}.Release|Any CPU.Build.0 = Release|Any CPU
		{CC47C08B-CFA7-4051-9FEE-613CF0064234}.Debug|Any CPU.ActiveCfg = Debug|Any CPU
		{CC47C08B-CFA7-4051-9FEE-613CF0064234}.Debug|Any CPU.Build.0 = Debug|Any CPU
		{CC47C08B-CFA7-4051-9FEE-613CF0064234}.Release|Any CPU.ActiveCfg = Release|Any CPU
		{CC47C08B-CFA7-4051-9FEE-613CF0064234}.Release|Any CPU.Build.0 = Release|Any CPU
		{D02E283D-67CE-4102-8FFF-5F05C3A62731}.Debug|Any CPU.ActiveCfg = Debug|Any CPU
		{D02E283D-67CE-4102-8FFF-5F05C3A62731}.Debug|Any CPU.Build.0 = Debug|Any CPU
		{D02E283D-67CE-4102-8FFF-5F05C3A62731}.Release|Any CPU.ActiveCfg = Release|Any CPU
		{D02E283D-67CE-4102-8FFF-5F05C3A62731}.Release|Any CPU.Build.0 = Release|Any CPU
		{5CFC3BDA-B489-458B-8F25-33A2B8176BFA}.Debug|Any CPU.ActiveCfg = Debug|Any CPU
		{5CFC3BDA-B489-458B-8F25-33A2B8176BFA}.Debug|Any CPU.Build.0 = Debug|Any CPU
		{5CFC3BDA-B489-458B-8F25-33A2B8176BFA}.Release|Any CPU.ActiveCfg = Release|Any CPU
		{5CFC3BDA-B489-458B-8F25-33A2B8176BFA}.Release|Any CPU.Build.0 = Release|Any CPU
	EndGlobalSection
	GlobalSection(SolutionProperties) = preSolution
		HideSolutionNode = FALSE
	EndGlobalSection
	GlobalSection(NestedProjects) = preSolution
		{15A05924-3982-4B7A-8C9D-8CA3EC2CDB96} = {AF972992-07E5-432B-8B62-0187C043559D}
		{6765A812-8AE2-4200-9BB0-C77B2FA4C9FB} = {9C8E24FB-DD7F-4532-8FF0-4068F013B324}
		{65C16573-233D-4A91-9224-610389F67D5C} = {CBD67AAF-9AB9-49F8-B019-B2396F80F7AA}
		{A7D68C0B-7DC5-4C92-85D6-098A3B7EECDC} = {CBD67AAF-9AB9-49F8-B019-B2396F80F7AA}
		{E104FFC7-D4FC-4A21-8DA4-F5F7F446478D} = {5CAFC612-A4D4-4290-943A-895450818BDA}
		{CC47C08B-CFA7-4051-9FEE-613CF0064234} = {5CAFC612-A4D4-4290-943A-895450818BDA}
		{D02E283D-67CE-4102-8FFF-5F05C3A62731} = {CBD67AAF-9AB9-49F8-B019-B2396F80F7AA}
		{5CFC3BDA-B489-458B-8F25-33A2B8176BFA} = {AF972992-07E5-432B-8B62-0187C043559D}
	EndGlobalSection
EndGlobal
